
Microsoft Visual Studio Solution File, Format Version 12.00
# Visual Studio 15
VisualStudioVersion = 15.0.27703.2042
MinimumVisualStudioVersion = 10.0.40219.1
Project("{9A19103F-16F7-4668-BE54-9A1E7A4F7556}") = "ShoppingCart", "ShoppingCart\ShoppingCart.csproj", "{4E276370-BCDB-4174-9280-6BF9088942CE}"
EndProject
Project("{9A19103F-16F7-4668-BE54-9A1E7A4F7556}") = "ApiGateway", "ApiGateway\ApiGateway.csproj", "{FF30FE17-C654-44F4-95E8-9C0FFD2232D1}"
EndProject
Project("{9A19103F-16F7-4668-BE54-9A1E7A4F7556}") = "ProductCatalog", "ProductCatalog\ProductCatalog.csproj", "{9FAED6D8-52D0-4623-A710-2DA0259C427F}"
EndProject
Global
	GlobalSection(SolutionConfigurationPlatforms) = preSolution
		Debug|Any CPU = Debug|Any CPU
		Release|Any CPU = Release|Any CPU
	EndGlobalSection
	GlobalSection(ProjectConfigurationPlatforms) = postSolution
		{4E276370-BCDB-4174-9280-6BF9088942CE}.Debug|Any CPU.ActiveCfg = Debug|Any CPU
		{4E276370-BCDB-4174-9280-6BF9088942CE}.Debug|Any CPU.Build.0 = Debug|Any CPU
		{4E276370-BCDB-4174-9280-6BF9088942CE}.Release|Any CPU.ActiveCfg = Release|Any CPU
		{4E276370-BCDB-4174-9280-6BF9088942CE}.Release|Any CPU.Build.0 = Release|Any CPU
		{FF30FE17-C654-44F4-95E8-9C0FFD2232D1}.Debug|Any CPU.ActiveCfg = Debug|Any CPU
		{FF30FE17-C654-44F4-95E8-9C0FFD2232D1}.Debug|Any CPU.Build.0 = Debug|Any CPU
		{FF30FE17-C654-44F4-95E8-9C0FFD2232D1}.Release|Any CPU.ActiveCfg = Release|Any CPU
		{FF30FE17-C654-44F4-95E8-9C0FFD2232D1}.Release|Any CPU.Build.0 = Release|Any CPU
		{9FAED6D8-52D0-4623-A710-2DA0259C427F}.Debug|Any CPU.ActiveCfg = Debug|Any CPU
		{9FAED6D8-52D0-4623-A710-2DA0259C427F}.Debug|Any CPU.Build.0 = Debug|Any CPU
		{9FAED6D8-52D0-4623-A710-2DA0259C427F}.Release|Any CPU.ActiveCfg = Release|Any CPU
		{9FAED6D8-52D0-4623-A710-2DA0259C427F}.Release|Any CPU.Build.0 = Release|Any CPU
	EndGlobalSection
	GlobalSection(SolutionProperties) = preSolution
		HideSolutionNode = FALSE
	EndGlobalSection
	GlobalSection(ExtensibilityGlobals) = postSolution
		SolutionGuid = {AE97CBEA-D246-4204-BF98-2DA30B1DDC26}
	EndGlobalSection
EndGlobal
